
Microsoft Visual Studio Solution File, Format Version 12.00
# Visual Studio Version 16
VisualStudioVersion = 16.0.30011.22
MinimumVisualStudioVersion = 10.0.40219.1
Project("{FAE04EC0-301F-11D3-BF4B-00C04F79EFBC}") = "MarketStore", "MarketStore\MarketStore.csproj", "{933E1E84-1E10-4DAA-AAF7-13E912D2FDB1}"
EndProject
Global
	GlobalSection(SolutionConfigurationPlatforms) = preSolution
		Debug|Any CPU = Debug|Any CPU
		Release|Any CPU = Release|Any CPU
	EndGlobalSection
	GlobalSection(ProjectConfigurationPlatforms) = postSolution
		{933E1E84-1E10-4DAA-AAF7-13E912D2FDB1}.Debug|Any CPU.ActiveCfg = Debug|Any CPU
		{933E1E84-1E10-4DAA-AAF7-13E912D2FDB1}.Debug|Any CPU.Build.0 = Debug|Any CPU
		{933E1E84-1E10-4DAA-AAF7-13E912D2FDB1}.Release|Any CPU.ActiveCfg = Release|Any CPU
		{933E1E84-1E10-4DAA-AAF7-13E912D2FDB1}.Release|Any CPU.Build.0 = Release|Any CPU
	EndGlobalSection
	GlobalSection(SolutionProperties) = preSolution
		HideSolutionNode = FALSE
	EndGlobalSection
	GlobalSection(ExtensibilityGlobals) = postSolution
		SolutionGuid = {E097E46C-6B44-4361-B87B-E87DA7590510}
	EndGlobalSection
EndGlobal
